// !$*UTF8*$!
{
	archiveVersion = 1;
	classes = {
	};
	objectVersion = 48;
	objects = {

/* Begin PBXBuildFile section */
		5D97DCC132790791E6709A02 /* Pods________.framework in Frameworks */ = {isa = PBXBuildFile; fileRef = C569C40AEBD34BCA81A17315 /* Pods________.framework */; };
		BB0FAA7B20CD95FF00F312C6 /* DolphinController.swift in Sources */ = {isa = PBXBuildFile; fileRef = BB0FAA7A20CD95FF00F312C6 /* DolphinController.swift */; };
		BB0FAA7F20CD972400F312C6 /* Database1.swift in Sources */ = {isa = PBXBuildFile; fileRef = BB0FAA7E20CD972400F312C6 /* Database1.swift */; };
		BB0FAA8B20CFDEAB00F312C6 /* PopupViewController.swift in Sources */ = {isa = PBXBuildFile; fileRef = BB0FAA8A20CFDEAB00F312C6 /* PopupViewController.swift */; };
		BB92DEDC20B8034A000E4AB1 /* AppDelegate.swift in Sources */ = {isa = PBXBuildFile; fileRef = BB92DEDB20B8034A000E4AB1 /* AppDelegate.swift */; };
		BB92DEDE20B8034A000E4AB1 /* ExpenseController.swift in Sources */ = {isa = PBXBuildFile; fileRef = BB92DEDD20B8034A000E4AB1 /* ExpenseController.swift */; };
		BB92DEE020B8034A000E4AB1 /* IncomeController.swift in Sources */ = {isa = PBXBuildFile; fileRef = BB92DEDF20B8034A000E4AB1 /* IncomeController.swift */; };
		BB92DEE320B8034A000E4AB1 /* Main.storyboard in Resources */ = {isa = PBXBuildFile; fileRef = BB92DEE120B8034A000E4AB1 /* Main.storyboard */; };
		BB92DEE520B8034A000E4AB1 /* Assets.xcassets in Resources */ = {isa = PBXBuildFile; fileRef = BB92DEE420B8034A000E4AB1 /* Assets.xcassets */; };
		BB92DEE820B8034A000E4AB1 /* LaunchScreen.storyboard in Resources */ = {isa = PBXBuildFile; fileRef = BB92DEE620B8034A000E4AB1 /* LaunchScreen.storyboard */; };
/* End PBXBuildFile section */

/* Begin PBXFileReference section */
		0A5673E407EE050805BD9131 /* Pods-돌고래.debug.xcconfig */ = {isa = PBXFileReference; includeInIndex = 1; lastKnownFileType = text.xcconfig; name = "Pods-돌고래.debug.xcconfig"; path = "Pods/Target Support Files/Pods-돌고래/Pods-돌고래.debug.xcconfig"; sourceTree = "<group>"; };
		BB0FAA7A20CD95FF00F312C6 /* DolphinController.swift */ = {isa = PBXFileReference; lastKnownFileType = sourcecode.swift; path = DolphinController.swift; sourceTree = "<group>"; };
		BB0FAA7E20CD972400F312C6 /* Database1.swift */ = {isa = PBXFileReference; lastKnownFileType = sourcecode.swift; path = Database1.swift; sourceTree = "<group>"; };
		BB0FAA8A20CFDEAB00F312C6 /* PopupViewController.swift */ = {isa = PBXFileReference; lastKnownFileType = sourcecode.swift; path = PopupViewController.swift; sourceTree = "<group>"; };
		BB92DED820B8034A000E4AB1 /* 돌고래.app */ = {isa = PBXFileReference; explicitFileType = wrapper.application; includeInIndex = 0; path = "돌고래.app"; sourceTree = BUILT_PRODUCTS_DIR; };
		BB92DEDB20B8034A000E4AB1 /* AppDelegate.swift */ = {isa = PBXFileReference; lastKnownFileType = sourcecode.swift; path = AppDelegate.swift; sourceTree = "<group>"; };
		BB92DEDD20B8034A000E4AB1 /* ExpenseController.swift */ = {isa = PBXFileReference; lastKnownFileType = sourcecode.swift; path = ExpenseController.swift; sourceTree = "<group>"; };
		BB92DEDF20B8034A000E4AB1 /* IncomeController.swift */ = {isa = PBXFileReference; lastKnownFileType = sourcecode.swift; path = IncomeController.swift; sourceTree = "<group>"; };
		BB92DEE220B8034A000E4AB1 /* Base */ = {isa = PBXFileReference; lastKnownFileType = file.storyboard; name = Base; path = Base.lproj/Main.storyboard; sourceTree = "<group>"; };
		BB92DEE420B8034A000E4AB1 /* Assets.xcassets */ = {isa = PBXFileReference; lastKnownFileType = folder.assetcatalog; path = Assets.xcassets; sourceTree = "<group>"; };
		BB92DEE720B8034A000E4AB1 /* Base */ = {isa = PBXFileReference; lastKnownFileType = file.storyboard; name = Base; path = Base.lproj/LaunchScreen.storyboard; sourceTree = "<group>"; };
		BB92DEE920B8034A000E4AB1 /* Info.plist */ = {isa = PBXFileReference; lastKnownFileType = text.plist.xml; path = Info.plist; sourceTree = "<group>"; };
		C569C40AEBD34BCA81A17315 /* Pods________.framework */ = {isa = PBXFileReference; explicitFileType = wrapper.framework; includeInIndex = 0; path = "Pods________.framework"; sourceTree = BUILT_PRODUCTS_DIR; };
		CB5DB8320791475B4DF283DF /* Pods-돌고래.release.xcconfig */ = {isa = PBXFileReference; includeInIndex = 1; lastKnownFileType = text.xcconfig; name = "Pods-돌고래.release.xcconfig"; path = "Pods/Target Support Files/Pods-돌고래/Pods-돌고래.release.xcconfig"; sourceTree = "<group>"; };
/* End PBXFileReference section */

/* Begin PBXFrameworksBuildPhase section */
		BB92DED520B8034A000E4AB1 /* Frameworks */ = {
			isa = PBXFrameworksBuildPhase;
			buildActionMask = 2147483647;
			files = (
				5D97DCC132790791E6709A02 /* Pods________.framework in Frameworks */,
			);
			runOnlyForDeploymentPostprocessing = 0;
		};
/* End PBXFrameworksBuildPhase section */

/* Begin PBXGroup section */
		1B011AA5779BC91E2586F89F /* Frameworks */ = {
			isa = PBXGroup;
			children = (
				C569C40AEBD34BCA81A17315 /* Pods________.framework */,
			);
			name = Frameworks;
			sourceTree = "<group>";
		};
		4E7ACD7B2F230A5540E21911 /* Pods */ = {
			isa = PBXGroup;
			children = (
				0A5673E407EE050805BD9131 /* Pods-돌고래.debug.xcconfig */,
				CB5DB8320791475B4DF283DF /* Pods-돌고래.release.xcconfig */,
			);
			name = Pods;
			sourceTree = "<group>";
		};
		BB92DECF20B8034A000E4AB1 = {
			isa = PBXGroup;
			children = (
				BB92DEDA20B8034A000E4AB1 /* 돌고래 */,
				BB92DED920B8034A000E4AB1 /* Products */,
				4E7ACD7B2F230A5540E21911 /* Pods */,
				1B011AA5779BC91E2586F89F /* Frameworks */,
			);
			sourceTree = "<group>";
		};
		BB92DED920B8034A000E4AB1 /* Products */ = {
			isa = PBXGroup;
			children = (
				BB92DED820B8034A000E4AB1 /* 돌고래.app */,
			);
			name = Products;
			sourceTree = "<group>";
		};
		BB92DEDA20B8034A000E4AB1 /* 돌고래 */ = {
			isa = PBXGroup;
			children = (
				BB92DEDB20B8034A000E4AB1 /* AppDelegate.swift */,
				BB0FAA7E20CD972400F312C6 /* Database1.swift */,
				BB0FAA7A20CD95FF00F312C6 /* DolphinController.swift */,
				BB92DEDD20B8034A000E4AB1 /* ExpenseController.swift */,
				BB92DEDF20B8034A000E4AB1 /* IncomeController.swift */,
				BB0FAA8A20CFDEAB00F312C6 /* PopupViewController.swift */,
				BB92DEE120B8034A000E4AB1 /* Main.storyboard */,
				BB92DEE420B8034A000E4AB1 /* Assets.xcassets */,
				BB92DEE620B8034A000E4AB1 /* LaunchScreen.storyboard */,
				BB92DEE920B8034A000E4AB1 /* Info.plist */,
			);
			path = "돌고래";
			sourceTree = "<group>";
		};
/* End PBXGroup section */

/* Begin PBXNativeTarget section */
		BB92DED720B8034A000E4AB1 /* 돌고래 */ = {
			isa = PBXNativeTarget;
			buildConfigurationList = BB92DEEC20B8034A000E4AB1 /* Build configuration list for PBXNativeTarget "돌고래" */;
			buildPhases = (
				AFDF21609FC256519118C856 /* [CP] Check Pods Manifest.lock */,
				BB92DED420B8034A000E4AB1 /* Sources */,
				BB92DED520B8034A000E4AB1 /* Frameworks */,
				BB92DED620B8034A000E4AB1 /* Resources */,
				60FEB1DB77B838C596C5CC41 /* [CP] Embed Pods Frameworks */,
			);
			buildRules = (
			);
			dependencies = (
			);
			name = "돌고래";
			productName = "돌고래";
			productReference = BB92DED820B8034A000E4AB1 /* 돌고래.app */;
			productType = "com.apple.product-type.application";
		};
/* End PBXNativeTarget section */

/* Begin PBXProject section */
		BB92DED020B8034A000E4AB1 /* Project object */ = {
			isa = PBXProject;
			attributes = {
				LastSwiftUpdateCheck = 0920;
				LastUpgradeCheck = 0940;
				ORGANIZATIONNAME = "김 정연";
				TargetAttributes = {
					BB92DED720B8034A000E4AB1 = {
						CreatedOnToolsVersion = 9.2;
						ProvisioningStyle = Automatic;
					};
				};
			};
			buildConfigurationList = BB92DED320B8034A000E4AB1 /* Build configuration list for PBXProject "돌고래" */;
			compatibilityVersion = "Xcode 8.0";
			developmentRegion = en;
			hasScannedForEncodings = 0;
			knownRegions = (
				en,
				Base,
			);
			mainGroup = BB92DECF20B8034A000E4AB1;
			productRefGroup = BB92DED920B8034A000E4AB1 /* Products */;
			projectDirPath = "";
			projectRoot = "";
			targets = (
				BB92DED720B8034A000E4AB1 /* 돌고래 */,
			);
		};
/* End PBXProject section */

/* Begin PBXResourcesBuildPhase section */
		BB92DED620B8034A000E4AB1 /* Resources */ = {
			isa = PBXResourcesBuildPhase;
			buildActionMask = 2147483647;
			files = (
				BB92DEE820B8034A000E4AB1 /* LaunchScreen.storyboard in Resources */,
				BB92DEE520B8034A000E4AB1 /* Assets.xcassets in Resources */,
				BB92DEE320B8034A000E4AB1 /* Main.storyboard in Resources */,
			);
			runOnlyForDeploymentPostprocessing = 0;
		};
/* End PBXResourcesBuildPhase section */

/* Begin PBXShellScriptBuildPhase section */
		60FEB1DB77B838C596C5CC41 /* [CP] Embed Pods Frameworks */ = {
			isa = PBXShellScriptBuildPhase;
			buildActionMask = 2147483647;
			files = (
			);
			inputPaths = (
				"${SRCROOT}/Pods/Target Support Files/Pods-돌고래/Pods-돌고래-frameworks.sh",
				"${BUILT_PRODUCTS_DIR}/SQLite.swift/SQLite.framework",
			);
			name = "[CP] Embed Pods Frameworks";
			outputPaths = (
				"${TARGET_BUILD_DIR}/${FRAMEWORKS_FOLDER_PATH}/SQLite.framework",
			);
			runOnlyForDeploymentPostprocessing = 0;
			shellPath = /bin/sh;
			shellScript = "\"${SRCROOT}/Pods/Target Support Files/Pods-돌고래/Pods-돌고래-frameworks.sh\"\n";
			showEnvVarsInLog = 0;
		};
		AFDF21609FC256519118C856 /* [CP] Check Pods Manifest.lock */ = {
			isa = PBXShellScriptBuildPhase;
			buildActionMask = 2147483647;
			files = (
			);
			inputPaths = (
				"${PODS_PODFILE_DIR_PATH}/Podfile.lock",
				"${PODS_ROOT}/Manifest.lock",
			);
			name = "[CP] Check Pods Manifest.lock";
			outputPaths = (
				"$(DERIVED_FILE_DIR)/Pods-돌고래-checkManifestLockResult.txt",
			);
			runOnlyForDeploymentPostprocessing = 0;
			shellPath = /bin/sh;
			shellScript = "diff \"${PODS_PODFILE_DIR_PATH}/Podfile.lock\" \"${PODS_ROOT}/Manifest.lock\" > /dev/null\nif [ $? != 0 ] ; then\n    # print error to STDERR\n    echo \"error: The sandbox is not in sync with the Podfile.lock. Run 'pod install' or update your CocoaPods installation.\" >&2\n    exit 1\nfi\n# This output is used by Xcode 'outputs' to avoid re-running this script phase.\necho \"SUCCESS\" > \"${SCRIPT_OUTPUT_FILE_0}\"\n";
			showEnvVarsInLog = 0;
		};
/* End PBXShellScriptBuildPhase section */

/* Begin PBXSourcesBuildPhase section */
		BB92DED420B8034A000E4AB1 /* Sources */ = {
			isa = PBXSourcesBuildPhase;
			buildActionMask = 2147483647;
			files = (
				BB0FAA7B20CD95FF00F312C6 /* DolphinController.swift in Sources */,
				BB0FAA7F20CD972400F312C6 /* Database1.swift in Sources */,
				BB92DEE020B8034A000E4AB1 /* IncomeController.swift in Sources */,
				BB92DEDC20B8034A000E4AB1 /* AppDelegate.swift in Sources */,
				BB92DEDE20B8034A000E4AB1 /* ExpenseController.swift in Sources */,
				BB0FAA8B20CFDEAB00F312C6 /* PopupViewController.swift in Sources */,
			);
			runOnlyForDeploymentPostprocessing = 0;
		};
/* End PBXSourcesBuildPhase section */

/* Begin PBXVariantGroup section */
		BB92DEE120B8034A000E4AB1 /* Main.storyboard */ = {
			isa = PBXVariantGroup;
			children = (
				BB92DEE220B8034A000E4AB1 /* Base */,
			);
			name = Main.storyboard;
			sourceTree = "<group>";
		};
		BB92DEE620B8034A000E4AB1 /* LaunchScreen.storyboard */ = {
			isa = PBXVariantGroup;
			children = (
				BB92DEE720B8034A000E4AB1 /* Base */,
			);
			name = LaunchScreen.storyboard;
			sourceTree = "<group>";
		};
/* End PBXVariantGroup section */

/* Begin XCBuildConfiguration section */
		BB92DEEA20B8034A000E4AB1 /* Debug */ = {
			isa = XCBuildConfiguration;
			buildSettings = {
				ALWAYS_SEARCH_USER_PATHS = NO;
				CLANG_ANALYZER_NONNULL = YES;
				CLANG_ANALYZER_NUMBER_OBJECT_CONVERSION = YES_AGGRESSIVE;
				CLANG_CXX_LANGUAGE_STANDARD = "gnu++14";
				CLANG_CXX_LIBRARY = "libc++";
				CLANG_ENABLE_MODULES = YES;
				CLANG_ENABLE_OBJC_ARC = YES;
				CLANG_WARN_BLOCK_CAPTURE_AUTORELEASING = YES;
				CLANG_WARN_BOOL_CONVERSION = YES;
				CLANG_WARN_COMMA = YES;
				CLANG_WARN_CONSTANT_CONVERSION = YES;
				CLANG_WARN_DEPRECATED_OBJC_IMPLEMENTATIONS = YES;
				CLANG_WARN_DIRECT_OBJC_ISA_USAGE = YES_ERROR;
				CLANG_WARN_DOCUMENTATION_COMMENTS = YES;
				CLANG_WARN_EMPTY_BODY = YES;
				CLANG_WARN_ENUM_CONVERSION = YES;
				CLANG_WARN_INFINITE_RECURSION = YES;
				CLANG_WARN_INT_CONVERSION = YES;
				CLANG_WARN_NON_LITERAL_NULL_CONVERSION = YES;
				CLANG_WARN_OBJC_IMPLICIT_RETAIN_SELF = YES;
				CLANG_WARN_OBJC_LITERAL_CONVERSION = YES;
				CLANG_WARN_OBJC_ROOT_CLASS = YES_ERROR;
				CLANG_WARN_RANGE_LOOP_ANALYSIS = YES;
				CLANG_WARN_STRICT_PROTOTYPES = YES;
				CLANG_WARN_SUSPICIOUS_MOVE = YES;
				CLANG_WARN_UNGUARDED_AVAILABILITY = YES_AGGRESSIVE;
				CLANG_WARN_UNREACHABLE_CODE = YES;
				CLANG_WARN__DUPLICATE_METHOD_MATCH = YES;
				CODE_SIGN_IDENTITY = "iPhone Developer";
				COPY_PHASE_STRIP = NO;
				DEBUG_INFORMATION_FORMAT = dwarf;
				ENABLE_STRICT_OBJC_MSGSEND = YES;
				ENABLE_TESTABILITY = YES;
				GCC_C_LANGUAGE_STANDARD = gnu11;
				GCC_DYNAMIC_NO_PIC = NO;
				GCC_NO_COMMON_BLOCKS = YES;
				GCC_OPTIMIZATION_LEVEL = 0;
				GCC_PREPROCESSOR_DEFINITIONS = (
					"DEBUG=1",
					"$(inherited)",
				);
				GCC_WARN_64_TO_32_BIT_CONVERSION = YES;
				GCC_WARN_ABOUT_RETURN_TYPE = YES_ERROR;
				GCC_WARN_UNDECLARED_SELECTOR = YES;
				GCC_WARN_UNINITIALIZED_AUTOS = YES_AGGRESSIVE;
				GCC_WARN_UNUSED_FUNCTION = YES;
				GCC_WARN_UNUSED_VARIABLE = YES;
				IPHONEOS_DEPLOYMENT_TARGET = 11.2;
				MTL_ENABLE_DEBUG_INFO = YES;
				ONLY_ACTIVE_ARCH = YES;
				SDKROOT = iphoneos;
				SWIFT_ACTIVE_COMPILATION_CONDITIONS = DEBUG;
				SWIFT_OPTIMIZATION_LEVEL = "-Onone";
			};
			name = Debug;
		};
		BB92DEEB20B8034A000E4AB1 /* Release */ = {
			isa = XCBuildConfiguration;
			buildSettings = {
				ALWAYS_SEARCH_USER_PATHS = NO;
				CLANG_ANALYZER_NONNULL = YES;
				CLANG_ANALYZER_NUMBER_OBJECT_CONVERSION = YES_AGGRESSIVE;
				CLANG_CXX_LANGUAGE_STANDARD = "gnu++14";
				CLANG_CXX_LIBRARY = "libc++";
				CLANG_ENABLE_MODULES = YES;
				CLANG_ENABLE_OBJC_ARC = YES;
				CLANG_WARN_BLOCK_CAPTURE_AUTORELEASING = YES;
				CLANG_WARN_BOOL_CONVERSION = YES;
				CLANG_WARN_COMMA = YES;
				CLANG_WARN_CONSTANT_CONVERSION = YES;
				CLANG_WARN_DEPRECATED_OBJC_IMPLEMENTATIONS = YES;
				CLANG_WARN_DIRECT_OBJC_ISA_USAGE = YES_ERROR;
				CLANG_WARN_DOCUMENTATION_COMMENTS = YES;
				CLANG_WARN_EMPTY_BODY = YES;
				CLANG_WARN_ENUM_CONVERSION = YES;
				CLANG_WARN_INFINITE_RECURSION = YES;
				CLANG_WARN_INT_CONVERSION = YES;
				CLANG_WARN_NON_LITERAL_NULL_CONVERSION = YES;
				CLANG_WARN_OBJC_IMPLICIT_RETAIN_SELF = YES;
				CLANG_WARN_OBJC_LITERAL_CONVERSION = YES;
				CLANG_WARN_OBJC_ROOT_CLASS = YES_ERROR;
				CLANG_WARN_RANGE_LOOP_ANALYSIS = YES;
				CLANG_WARN_STRICT_PROTOTYPES = YES;
				CLANG_WARN_SUSPICIOUS_MOVE = YES;
				CLANG_WARN_UNGUARDED_AVAILABILITY = YES_AGGRESSIVE;
				CLANG_WARN_UNREACHABLE_CODE = YES;
				CLANG_WARN__DUPLICATE_METHOD_MATCH = YES;
				CODE_SIGN_IDENTITY = "iPhone Developer";
				COPY_PHASE_STRIP = NO;
				DEBUG_INFORMATION_FORMAT = "dwarf-with-dsym";
				ENABLE_NS_ASSERTIONS = NO;
				ENABLE_STRICT_OBJC_MSGSEND = YES;
				GCC_C_LANGUAGE_STANDARD = gnu11;
				GCC_NO_COMMON_BLOCKS = YES;
				GCC_WARN_64_TO_32_BIT_CONVERSION = YES;
				GCC_WARN_ABOUT_RETURN_TYPE = YES_ERROR;
				GCC_WARN_UNDECLARED_SELECTOR = YES;
				GCC_WARN_UNINITIALIZED_AUTOS = YES_AGGRESSIVE;
				GCC_WARN_UNUSED_FUNCTION = YES;
				GCC_WARN_UNUSED_VARIABLE = YES;
				IPHONEOS_DEPLOYMENT_TARGET = 11.2;
				MTL_ENABLE_DEBUG_INFO = NO;
				SDKROOT = iphoneos;
				SWIFT_OPTIMIZATION_LEVEL = "-Owholemodule";
				VALIDATE_PRODUCT = YES;
			};
			name = Release;
		};
		BB92DEED20B8034A000E4AB1 /* Debug */ = {
			isa = XCBuildConfiguration;
			baseConfigurationReference = 0A5673E407EE050805BD9131 /* Pods-돌고래.debug.xcconfig */;
			buildSettings = {
				ASSETCATALOG_COMPILER_APPICON_NAME = AppIcon;
				CODE_SIGN_STYLE = Automatic;
				INFOPLIST_FILE = "돌고래/Info.plist";
				LD_RUNPATH_SEARCH_PATHS = "$(inherited) @executable_path/Frameworks";
				PRODUCT_BUNDLE_IDENTIFIER = "KJY.-------";
				PRODUCT_NAME = "$(TARGET_NAME)";
				SWIFT_VERSION = 4.0;
				TARGETED_DEVICE_FAMILY = "1,2";
			};
			name = Debug;
		};
		BB92DEEE20B8034A000E4AB1 /* Release */ = {
			isa = XCBuildConfiguration;
			baseConfigurationReference = CB5DB8320791475B4DF283DF /* Pods-돌고래.release.xcconfig */;
			buildSettings = {
				ASSETCATALOG_COMPILER_APPICON_NAME = AppIcon;
				CODE_SIGN_STYLE = Automatic;
				INFOPLIST_FILE = "돌고래/Info.plist";
				LD_RUNPATH_SEARCH_PATHS = "$(inherited) @executable_path/Frameworks";
				PRODUCT_BUNDLE_IDENTIFIER = "KJY.-------";
				PRODUCT_NAME = "$(TARGET_NAME)";
				SWIFT_VERSION = 4.0;
				TARGETED_DEVICE_FAMILY = "1,2";
			};
			name = Release;
		};
/* End XCBuildConfiguration section */

/* Begin XCConfigurationList section */
		BB92DED320B8034A000E4AB1 /* Build configuration list for PBXProject "돌고래" */ = {
			isa = XCConfigurationList;
			buildConfigurations = (
				BB92DEEA20B8034A000E4AB1 /* Debug */,
				BB92DEEB20B8034A000E4AB1 /* Release */,
			);
			defaultConfigurationIsVisible = 0;
			defaultConfigurationName = Release;
		};
		BB92DEEC20B8034A000E4AB1 /* Build configuration list for PBXNativeTarget "돌고래" */ = {
			isa = XCConfigurationList;
			buildConfigurations = (
				BB92DEED20B8034A000E4AB1 /* Debug */,
				BB92DEEE20B8034A000E4AB1 /* Release */,
			);
			defaultConfigurationIsVisible = 0;
			defaultConfigurationName = Release;
		};
/* End XCConfigurationList section */
	};
	rootObject = BB92DED020B8034A000E4AB1 /* Project object */;
}
